<?xml version="1.0" encoding="utf-8"?>
<Project ToolsVersion="4.0" xmlns="http://schemas.microsoft.com/developer/msbuild/2003">
  <ItemGroup>
    <Filter Include="소스 파일">
      <UniqueIdentifier>{4FC737F1-C7A5-4376-A066-2A32D752A2FF}</UniqueIdentifier>
      <Extensions>cpp;c;cc;cxx;def;odl;idl;hpj;bat;asm;asmx</Extensions>
    </Filter>
    <Filter Include="헤더 파일">
      <UniqueIdentifier>{93995380-89BD-4b04-88EB-625FBE52EBFB}</UniqueIdentifier>
      <Extensions>h;hpp;hxx;hm;inl;inc;xsd</Extensions>
    </Filter>
    <Filter Include="리소스 파일">
      <UniqueIdentifier>{67DA6AB6-F800-4c08-8B7A-83BB121AAD01}</UniqueIdentifier>
      <Extensions>rc;ico;cur;bmp;dlg;rc2;rct;bin;rgs;gif;jpg;jpeg;jpe;resx;tiff;tif;png;wav</Extensions>
    </Filter>
    <Filter Include="소스 파일\주문Cpp">
      <UniqueIdentifier>{3938d9d2-067d-4bd9-9e75-db93a417c000}</UniqueIdentifier>
    </Filter>
    <Filter Include="소스 파일\시세Cpp">
      <UniqueIdentifier>{ee6f9636-fe04-4ed8-bbf6-44722539f29b}</UniqueIdentifier>
    </Filter>
    <Filter Include="헤더 파일\주문H">
      <UniqueIdentifier>{99cf588a-d010-498c-a629-2c661b95d0b2}</UniqueIdentifier>
    </Filter>
    <Filter Include="헤더 파일\시세H">
      <UniqueIdentifier>{90e00c8f-acc4-4e96-9d38-396d990fe177}</UniqueIdentifier>
    </Filter>
  </ItemGroup>
  <ItemGroup>
    <ClCompile Include="hfcommagent.cpp">
      <Filter>소스 파일</Filter>
    </ClCompile>
    <ClCompile Include="HFCommClient.cpp">
      <Filter>소스 파일</Filter>
    </ClCompile>
    <ClCompile Include="stdafx.cpp">
      <Filter>소스 파일</Filter>
    </ClCompile>
    <ClCompile Include="HFClientSampleDlg.cpp">
      <Filter>소스 파일</Filter>
    </ClCompile>
    <ClCompile Include="EurexOptSiseDlg.cpp">
      <Filter>소스 파일\시세Cpp</Filter>
    </ClCompile>
    <ClCompile Include="IndexOptSiseDlg.cpp">
      <Filter>소스 파일\시세Cpp</Filter>
    </ClCompile>
    <ClCompile Include="IndexFutSiseDlg.cpp">
      <Filter>소스 파일\시세Cpp</Filter>
    </ClCompile>
    <ClCompile Include="StockSiseDlg.cpp">
      <Filter>소스 파일\시세Cpp</Filter>
    </ClCompile>
    <ClCompile Include="FxMarginSiseDlg.cpp">
      <Filter>소스 파일\시세Cpp</Filter>
    </ClCompile>
    <ClCompile Include="ForeignFutSiseDlg.cpp">
      <Filter>소스 파일\시세Cpp</Filter>
    </ClCompile>
    <ClCompile Include="FFutOptOrdDlg.cpp">
      <Filter>소스 파일\주문Cpp</Filter>
    </ClCompile>
    <ClCompile Include="IndexFutOptOrdDlg.cpp">
      <Filter>소스 파일\주문Cpp</Filter>
    </ClCompile>
    <ClCompile Include="FxMarginOrdDlg.cpp">
      <Filter>소스 파일\주문Cpp</Filter>
    </ClCompile>
    <ClCompile Include="IndexWeeklyOptSiseDlg.cpp">
      <Filter>소스 파일\시세Cpp</Filter>
    </ClCompile>
    <ClCompile Include="IndexIndustrySiseDlg.cpp">
      <Filter>소스 파일\시세Cpp</Filter>
    </ClCompile>
    <ClCompile Include="EurexFutOptOrdDlg.cpp">
      <Filter>소스 파일\주문Cpp</Filter>
    </ClCompile>
    <ClCompile Include="EurexFutSiseDlg.cpp">
      <Filter>소스 파일\시세Cpp</Filter>
    </ClCompile>
    <ClCompile Include="StockOrdDlg.cpp">
      <Filter>소스 파일\주문Cpp</Filter>
    </ClCompile>
  </ItemGroup>
  <ItemGroup>
    <ClInclude Include="hfcommagent.h">
      <Filter>헤더 파일</Filter>
    </ClInclude>
    <ClInclude Include="HFCommClient.h">
      <Filter>헤더 파일</Filter>
    </ClInclude>
    <ClInclude Include="Resource.h">
      <Filter>헤더 파일</Filter>
    </ClInclude>
    <ClInclude Include="stdafx.h">
      <Filter>헤더 파일</Filter>
    </ClInclude>
    <ClInclude Include="targetver.h">
      <Filter>헤더 파일</Filter>
    </ClInclude>
    <ClInclude Include="HFClientSampleDlg.h">
      <Filter>헤더 파일</Filter>
    </ClInclude>
    <ClInclude Include="EurexOptSiseDlg.h">
      <Filter>헤더 파일\시세H</Filter>
    </ClInclude>
    <ClInclude Include="ForeignFutSiseDlg.h">
      <Filter>헤더 파일\시세H</Filter>
    </ClInclude>
    <ClInclude Include="FxMarginSiseDlg.h">
      <Filter>헤더 파일\시세H</Filter>
    </ClInclude>
    <ClInclude Include="IndexFutSiseDlg.h">
      <Filter>헤더 파일\시세H</Filter>
    </ClInclude>
    <ClInclude Include="IndexOptSiseDlg.h">
      <Filter>헤더 파일\시세H</Filter>
    </ClInclude>
    <ClInclude Include="StockSiseDlg.h">
      <Filter>헤더 파일\시세H</Filter>
    </ClInclude>
    <ClInclude Include="FFutOptOrdDlg.h">
      <Filter>헤더 파일\주문H</Filter>
    </ClInclude>
    <ClInclude Include="IndexFutOptOrdDlg.h">
      <Filter>헤더 파일\주문H</Filter>
    </ClInclude>
    <ClInclude Include="FxMarginOrdDlg.h">
      <Filter>헤더 파일\주문H</Filter>
    </ClInclude>
    <ClInclude Include="IndexWeeklyOptSiseDlg.h">
      <Filter>헤더 파일\시세H</Filter>
    </ClInclude>
    <ClInclude Include="IndexIndustrySiseDlg.h">
      <Filter>헤더 파일\시세H</Filter>
    </ClInclude>
    <ClInclude Include="EurexFutOptOrdDlg.h">
      <Filter>헤더 파일\주문H</Filter>
    </ClInclude>
    <ClInclude Include="EurexFutSiseDlg.h">
      <Filter>헤더 파일\시세H</Filter>
    </ClInclude>
    <ClInclude Include="StockOrdDlg.h">
      <Filter>헤더 파일\주문H</Filter>
    </ClInclude>
  </ItemGroup>
  <ItemGroup>
    <Image Include="res\HFCommClient.ico">
      <Filter>리소스 파일</Filter>
    </Image>
  </ItemGroup>
  <ItemGroup>
    <ResourceCompile Include="HFCommClient.rc">
      <Filter>리소스 파일</Filter>
    </ResourceCompile>
  </ItemGroup>
  <ItemGroup>
    <None Include="res\HFCommClient.rc2">
      <Filter>리소스 파일</Filter>
    </None>
  </ItemGroup>
</Project>